
Microsoft Visual Studio Solution File, Format Version 12.00
Project("{FAE04EC0-301F-11D3-BF4B-00C04F79EFBC}") = "ApiGateway", "ApiGateway\ApiGateway.csproj", "{999B1B79-1D25-4122-9E79-C17D32ABBD41}"
EndProject
Project("{2150E333-8FDC-42A3-9474-1A3956D46DE8}") = "_infra", "_infra", "{E4971739-4164-4F52-AEEC-F4D5B4C6D665}"
ProjectSection(SolutionItems) = preProject
	Gateway.Dockerfile = Gateway.Dockerfile
	.dockerignore = .dockerignore
	Invoices.Dockerfile = Invoices.Dockerfile
	Clients.Dockerfile = Clients.Dockerfile
	docker-compose.yml = docker-compose.yml
EndProjectSection
EndProject
Project("{FAE04EC0-301F-11D3-BF4B-00C04F79EFBC}") = "InvoicesApi", "InvoicesApi\InvoicesApi.csproj", "{C1591E30-819E-4645-A5AC-BD7CE29656A8}"
EndProject
Project("{FAE04EC0-301F-11D3-BF4B-00C04F79EFBC}") = "ClientsApi", "ClientsApi\ClientsApi.csproj", "{5E91310C-B28E-4715-B06C-0DBD6202E87A}"
EndProject
Global
	GlobalSection(SolutionConfigurationPlatforms) = preSolution
		Debug|Any CPU = Debug|Any CPU
		Release|Any CPU = Release|Any CPU
	EndGlobalSection
	GlobalSection(ProjectConfigurationPlatforms) = postSolution
		{999B1B79-1D25-4122-9E79-C17D32ABBD41}.Debug|Any CPU.ActiveCfg = Debug|Any CPU
		{999B1B79-1D25-4122-9E79-C17D32ABBD41}.Debug|Any CPU.Build.0 = Debug|Any CPU
		{999B1B79-1D25-4122-9E79-C17D32ABBD41}.Release|Any CPU.ActiveCfg = Release|Any CPU
		{999B1B79-1D25-4122-9E79-C17D32ABBD41}.Release|Any CPU.Build.0 = Release|Any CPU
		{C1591E30-819E-4645-A5AC-BD7CE29656A8}.Debug|Any CPU.ActiveCfg = Debug|Any CPU
		{C1591E30-819E-4645-A5AC-BD7CE29656A8}.Debug|Any CPU.Build.0 = Debug|Any CPU
		{C1591E30-819E-4645-A5AC-BD7CE29656A8}.Release|Any CPU.ActiveCfg = Release|Any CPU
		{C1591E30-819E-4645-A5AC-BD7CE29656A8}.Release|Any CPU.Build.0 = Release|Any CPU
		{5E91310C-B28E-4715-B06C-0DBD6202E87A}.Debug|Any CPU.ActiveCfg = Debug|Any CPU
		{5E91310C-B28E-4715-B06C-0DBD6202E87A}.Debug|Any CPU.Build.0 = Debug|Any CPU
		{5E91310C-B28E-4715-B06C-0DBD6202E87A}.Release|Any CPU.ActiveCfg = Release|Any CPU
		{5E91310C-B28E-4715-B06C-0DBD6202E87A}.Release|Any CPU.Build.0 = Release|Any CPU
	EndGlobalSection
EndGlobal
